
Microsoft Visual Studio Solution File, Format Version 12.00
# Visual Studio 15
VisualStudioVersion = 15.0.28010.2036
MinimumVisualStudioVersion = 10.0.40219.1
Project("{FAE04EC0-301F-11D3-BF4B-00C04F79EFBC}") = "Practica0_1", "Practica0_1\Practica0_1.csproj", "{B4EAF1CB-D8DB-4649-A367-1AA9C3CA7108}"
EndProject
Project("{FAE04EC0-301F-11D3-BF4B-00C04F79EFBC}") = "Practica0_2", "Practica0_2\Practica0_2.csproj", "{D5AA46AF-4FD0-4D41-8A7F-3D7850C1308E}"
EndProject
Project("{FAE04EC0-301F-11D3-BF4B-00C04F79EFBC}") = "Practica1_1", "Practica1_1\Practica1_1.csproj", "{7FED3C98-6A3B-4DBA-80C7-5CCA09F701EF}"
EndProject
Project("{FAE04EC0-301F-11D3-BF4B-00C04F79EFBC}") = "Practica2_2", "Practica2_2\Practica2_2.csproj", "{A01A4F6A-8E85-45FA-871E-D0C3FB08568F}"
EndProject
Project("{FAE04EC0-301F-11D3-BF4B-00C04F79EFBC}") = "Practica2_1a", "Practica2_1a\Practica2_1a.csproj", "{E04C23F9-5A79-4B5B-818B-79A803D68289}"
EndProject
Project("{FAE04EC0-301F-11D3-BF4B-00C04F79EFBC}") = "Practica3_1", "Practica3_1\Practica3_1.csproj", "{EB3318AF-ABBD-4130-8157-41FA4B61CD4A}"
EndProject
Project("{FAE04EC0-301F-11D3-BF4B-00C04F79EFBC}") = "Practica4_1", "Practica4_1\Practica4_1.csproj", "{CE07E768-C7E8-4550-90AA-B1BFFDD37C7D}"
EndProject
Project("{FAE04EC0-301F-11D3-BF4B-00C04F79EFBC}") = "Practica1_2", "Practica1_2\Practica1_2.csproj", "{D9A789E1-FEA1-4B9E-9411-0C89B272BE28}"
EndProject
Global
	GlobalSection(SolutionConfigurationPlatforms) = preSolution
		Debug|Any CPU = Debug|Any CPU
		Release|Any CPU = Release|Any CPU
	EndGlobalSection
	GlobalSection(ProjectConfigurationPlatforms) = postSolution
		{B4EAF1CB-D8DB-4649-A367-1AA9C3CA7108}.Debug|Any CPU.ActiveCfg = Debug|Any CPU
		{B4EAF1CB-D8DB-4649-A367-1AA9C3CA7108}.Debug|Any CPU.Build.0 = Debug|Any CPU
		{B4EAF1CB-D8DB-4649-A367-1AA9C3CA7108}.Release|Any CPU.ActiveCfg = Release|Any CPU
		{B4EAF1CB-D8DB-4649-A367-1AA9C3CA7108}.Release|Any CPU.Build.0 = Release|Any CPU
		{D5AA46AF-4FD0-4D41-8A7F-3D7850C1308E}.Debug|Any CPU.ActiveCfg = Debug|Any CPU
		{D5AA46AF-4FD0-4D41-8A7F-3D7850C1308E}.Debug|Any CPU.Build.0 = Debug|Any CPU
		{D5AA46AF-4FD0-4D41-8A7F-3D7850C1308E}.Release|Any CPU.ActiveCfg = Release|Any CPU
		{D5AA46AF-4FD0-4D41-8A7F-3D7850C1308E}.Release|Any CPU.Build.0 = Release|Any CPU
		{7FED3C98-6A3B-4DBA-80C7-5CCA09F701EF}.Debug|Any CPU.ActiveCfg = Debug|Any CPU
		{7FED3C98-6A3B-4DBA-80C7-5CCA09F701EF}.Debug|Any CPU.Build.0 = Debug|Any CPU
		{7FED3C98-6A3B-4DBA-80C7-5CCA09F701EF}.Release|Any CPU.ActiveCfg = Release|Any CPU
		{7FED3C98-6A3B-4DBA-80C7-5CCA09F701EF}.Release|Any CPU.Build.0 = Release|Any CPU
		{A01A4F6A-8E85-45FA-871E-D0C3FB08568F}.Debug|Any CPU.ActiveCfg = Debug|Any CPU
		{A01A4F6A-8E85-45FA-871E-D0C3FB08568F}.Debug|Any CPU.Build.0 = Debug|Any CPU
		{A01A4F6A-8E85-45FA-871E-D0C3FB08568F}.Release|Any CPU.ActiveCfg = Release|Any CPU
		{A01A4F6A-8E85-45FA-871E-D0C3FB08568F}.Release|Any CPU.Build.0 = Release|Any CPU
		{E04C23F9-5A79-4B5B-818B-79A803D68289}.Debug|Any CPU.ActiveCfg = Debug|Any CPU
		{E04C23F9-5A79-4B5B-818B-79A803D68289}.Debug|Any CPU.Build.0 = Debug|Any CPU
		{E04C23F9-5A79-4B5B-818B-79A803D68289}.Release|Any CPU.ActiveCfg = Release|Any CPU
		{E04C23F9-5A79-4B5B-818B-79A803D68289}.Release|Any CPU.Build.0 = Release|Any CPU
		{EB3318AF-ABBD-4130-8157-41FA4B61CD4A}.Debug|Any CPU.ActiveCfg = Debug|Any CPU
		{EB3318AF-ABBD-4130-8157-41FA4B61CD4A}.Debug|Any CPU.Build.0 = Debug|Any CPU
		{EB3318AF-ABBD-4130-8157-41FA4B61CD4A}.Release|Any CPU.ActiveCfg = Release|Any CPU
		{EB3318AF-ABBD-4130-8157-41FA4B61CD4A}.Release|Any CPU.Build.0 = Release|Any CPU
		{CE07E768-C7E8-4550-90AA-B1BFFDD37C7D}.Debug|Any CPU.ActiveCfg = Debug|Any CPU
		{CE07E768-C7E8-4550-90AA-B1BFFDD37C7D}.Debug|Any CPU.Build.0 = Debug|Any CPU
		{CE07E768-C7E8-4550-90AA-B1BFFDD37C7D}.Release|Any CPU.ActiveCfg = Release|Any CPU
		{CE07E768-C7E8-4550-90AA-B1BFFDD37C7D}.Release|Any CPU.Build.0 = Release|Any CPU
		{D9A789E1-FEA1-4B9E-9411-0C89B272BE28}.Debug|Any CPU.ActiveCfg = Debug|Any CPU
		{D9A789E1-FEA1-4B9E-9411-0C89B272BE28}.Debug|Any CPU.Build.0 = Debug|Any CPU
		{D9A789E1-FEA1-4B9E-9411-0C89B272BE28}.Release|Any CPU.ActiveCfg = Release|Any CPU
		{D9A789E1-FEA1-4B9E-9411-0C89B272BE28}.Release|Any CPU.Build.0 = Release|Any CPU
	EndGlobalSection
	GlobalSection(SolutionProperties) = preSolution
		HideSolutionNode = FALSE
	EndGlobalSection
	GlobalSection(ExtensibilityGlobals) = postSolution
		SolutionGuid = {4D21439E-A2D4-4F91-80CC-82644388D630}
	EndGlobalSection
EndGlobal
